{
  "name": "core",
  "version": "1.0.0",
  "lockfileVersion": 3,
  "requires": true,
  "packages": {
    "": {
      "name": "core",
      "version": "1.0.0",
      "hasInstallScript": true,
      "dependencies": {
        "dayjs": "^1.11.13"
      },
      "devDependencies": {
        "@cocos/creator-types": "^3.8.3",
        "@types/node": "^18.17.1",
        "typescript": "^4.3.4"
      }
    },
    "node_modules/@cocos/creator-types": {
      "version": "3.8.6",
      "resolved": "https://registry.npmmirror.com/@cocos/creator-types/-/creator-types-3.8.6.tgz",
      "integrity": "sha512-hyZ4aoqqLxoRtKbBLSJM5RgtK3oGOlTEryHDcyH4znq3h9cFk+MSbQC2aJHvK5/bMlJzsZ641/hD77RGSrvo8Q==",
      "dev": true
    },
    "node_modules/@types/node": {
      "version": "18.19.120",
      "resolved": "https://registry.npmmirror.com/@types/node/-/node-18.19.120.tgz",
      "integrity": "sha512-WtCGHFXnVI8WHLxDAt5TbnCM4eSE+nI0QN2NJtwzcgMhht2eNz6V9evJrk+lwC8bCY8OWV5Ym8Jz7ZEyGnKnMA==",
      "dev": true,
      "dependencies": {
        "undici-types": "~5.26.4"
      }
    },
    "node_modules/dayjs": {
      "version": "1.11.13",
      "resolved": "https://registry.npmmirror.com/dayjs/-/dayjs-1.11.13.tgz",
      "integrity": "sha512-oaMBel6gjolK862uaPQOVTA7q3TZhuSvuMQAAglQDOWYO9A91IrAOUJEyKVlqJlHE0vq5p5UXxzdPfMH/x6xNg=="
    },
    "node_modules/typescript": {
      "version": "4.9.5",
      "resolved": "https://registry.npmmirror.com/typescript/-/typescript-4.9.5.tgz",
      "integrity": "sha512-1FXk9E2Hm+QzZQ7z+McJiHL4NW1F2EzMu9Nq9i3zAaGqibafqYwCVU6WyWAuyQRRzOlxou8xZSyXLEN8oKj24g==",
      "dev": true,
      "bin": {
        "tsc": "bin/tsc",
        "tsserver": "bin/tsserver"
      },
      "engines": {
        "node": ">=4.2.0"
      }
    },
    "node_modules/undici-types": {
      "version": "5.26.5",
      "resolved": "https://registry.npmmirror.com/undici-types/-/undici-types-5.26.5.tgz",
      "integrity": "sha512-JlCMO+ehdEIKqlFxk6IfVoAUVmgz7cU7zD/h9XZ0qzeosSHmUJVOzSQvvYSYWXkFXC+IfLKSIffhv0sVZup6pA==",
      "dev": true
    }
  }
}
